
Microsoft Visual Studio Solution File, Format Version 12.00
# Visual Studio Version 17
VisualStudioVersion = 17.0.32014.148
MinimumVisualStudioVersion = 10.0.40219.1
Project("{9A19103F-16F7-4668-BE54-9A1E7A4F7556}") = "PMapCore", "PMap\PMapCore.csproj", "{3E3FE032-B237-479B-938B-63F693265432}"
	ProjectSection(ProjectDependencies) = postProject
		{D0C39D9D-BED0-418B-9A5E-713176CAF40C} = {D0C39D9D-BED0-418B-9A5E-713176CAF40C}
	EndProjectSection
EndProject
Project("{9A19103F-16F7-4668-BE54-9A1E7A4F7556}") = "GMap.NET.Core", "GMap.NET.Core\GMap.NET.Core.csproj", "{D0C39D9D-BED0-418B-9A5E-713176CAF40C}"
EndProject
Project("{2150E333-8FDC-42A3-9474-1A3956D46DE8}") = "Solution Items", "Solution Items", "{DE152D52-1346-4F9C-A0D3-0CD98319DD14}"
	ProjectSection(SolutionItems) = preProject
		DBScript\auchan_test.sql = DBScript\auchan_test.sql
		doc\ChkRoute.docx = doc\ChkRoute.docx
		Correct-Tour.ini = Correct-Tour.ini
		Installer\Correct-Tour.ini = Installer\Correct-Tour.ini
		doc\FTLSupporter adatszerkezetek.xlsx = doc\FTLSupporter adatszerkezetek.xlsx
		doc\FTLSupporter használata.docx = doc\FTLSupporter használata.docx
		Installer\FTLSupporterInstaller2.nsi = Installer\FTLSupporterInstaller2.nsi
		Installer\FTLSupporterSetup.exe = Installer\FTLSupporterSetup.exe
		Installer\MapeiOrder2.nsi = Installer\MapeiOrder2.nsi
		Templates\MPEmail.htm = Templates\MPEmail.htm
		Installer\PMAdmin2.nsi = Installer\PMAdmin2.nsi
		Installer\PMAdminSetup.exe = Installer\PMAdminSetup.exe
		doc\PMap kapcsolat külső rendszerekkel.doc = doc\PMap kapcsolat külső rendszerekkel.doc
		doc\PMap tervezés modul felhasználói leírása.docx = doc\PMap tervezés modul felhasználói leírása.docx
		doc\PMap-SWH kapcsolat.doc = doc\PMap-SWH kapcsolat.doc
		PMAP.ini = PMAP.ini
		Installer\PMAP.ini = Installer\PMAP.ini
		doc\PMap2.fazis1 = doc\PMap2.fazis1
		Installer\PMapInstaller.nsi = Installer\PMapInstaller.nsi
		Installer\PMapInstaller2.nsi = Installer\PMapInstaller2.nsi
		Installer\PMapInstaller64.nsi = Installer\PMapInstaller64.nsi
		Installer\PMapSetup.exe = Installer\PMapSetup.exe
		doc\PMAp_build.doc = doc\PMAp_build.doc
		doc\pmmanual.doc = doc\pmmanual.doc
		doc\pmmanualx.docx = doc\pmmanualx.docx
		Installer\PMRoute2.nsi = Installer\PMRoute2.nsi
		Installer\PMRouteSetup.exe = Installer\PMRouteSetup.exe
		Installer\RegAsm.exe = Installer\RegAsm.exe
		Installer\SWHInterfaceInstaller2.nsi = Installer\SWHInterfaceInstaller2.nsi
		doc\SWH_RDP.txt = doc\SWH_RDP.txt
		doc\SWH_TEST.RDP = doc\SWH_TEST.RDP
		doc\utvonalszam.txt = doc\utvonalszam.txt
	EndProjectSection
EndProject
Project("{9A19103F-16F7-4668-BE54-9A1E7A4F7556}") = "FTLSupporterTest", "FTLSupporterTest\FTLSupporterTest.csproj", "{FB829B58-C681-440D-8DB3-2A980A84C31C}"
EndProject
Project("{9A19103F-16F7-4668-BE54-9A1E7A4F7556}") = "PVRCloudApi", "FTLApi\PVRCloudApi.csproj", "{8A164903-3553-4C3F-A783-462AA74A6F64}"
EndProject
Project("{9A19103F-16F7-4668-BE54-9A1E7A4F7556}") = "FTLSupporter", "FTLSupporter\FTLSupporter.csproj", "{B4FE3066-F14F-4625-85BB-57EA97751A6E}"
EndProject
Project("{9A19103F-16F7-4668-BE54-9A1E7A4F7556}") = "PVRPCloudInsightsLogger", "PVRPCloudInsightsLogger\PVRPCloudInsightsLogger.csproj", "{C40D383A-BA10-4CAF-BF08-176C08B1DFC5}"
EndProject
Project("{9A19103F-16F7-4668-BE54-9A1E7A4F7556}") = "PVRPCloudApiTester", "PVRPCloudApiTester\PVRPCloudApiTester.csproj", "{61864368-6F5C-4D2F-AD5C-69FB44555A87}"
EndProject
Project("{9A19103F-16F7-4668-BE54-9A1E7A4F7556}") = "MapJsonGen", "MapJsonGen\MapJsonGen.csproj", "{BB5F9D9A-9580-4E8A-8525-FFAE5FDD7352}"
EndProject
Project("{9A19103F-16F7-4668-BE54-9A1E7A4F7556}") = "CommonUtils", "CommonUtils\CommonUtils.csproj", "{96B74E91-3B4F-4321-9B7C-6624D1BE7D45}"
EndProject
Project("{9A19103F-16F7-4668-BE54-9A1E7A4F7556}") = "BlobUtils", "BlobManager\BlobUtils.csproj", "{E0619808-77AE-4E3B-919B-6A3D2130B77D}"
EndProject
Project("{FAE04EC0-301F-11D3-BF4B-00C04F79EFBC}") = "PVRPCloud", "PVRPCloud\PVRPCloud.csproj", "{C7349DC9-69A2-4738-B4F3-86D75379AC73}"
EndProject
Global
	GlobalSection(SolutionConfigurationPlatforms) = preSolution
		Debug|Any CPU = Debug|Any CPU
		Debug|Mixed Platforms = Debug|Mixed Platforms
		Debug|x64 = Debug|x64
		Debug|x86 = Debug|x86
		Release|Any CPU = Release|Any CPU
		Release|Mixed Platforms = Release|Mixed Platforms
		Release|x64 = Release|x64
		Release|x86 = Release|x86
	EndGlobalSection
	GlobalSection(ProjectConfigurationPlatforms) = postSolution
		{3E3FE032-B237-479B-938B-63F693265432}.Debug|Any CPU.ActiveCfg = Debug|Any CPU
		{3E3FE032-B237-479B-938B-63F693265432}.Debug|Any CPU.Build.0 = Debug|Any CPU
		{3E3FE032-B237-479B-938B-63F693265432}.Debug|Mixed Platforms.ActiveCfg = Debug|Any CPU
		{3E3FE032-B237-479B-938B-63F693265432}.Debug|Mixed Platforms.Build.0 = Debug|Any CPU
		{3E3FE032-B237-479B-938B-63F693265432}.Debug|x64.ActiveCfg = Debug|x64
		{3E3FE032-B237-479B-938B-63F693265432}.Debug|x64.Build.0 = Debug|x64
		{3E3FE032-B237-479B-938B-63F693265432}.Debug|x86.ActiveCfg = Debug|Any CPU
		{3E3FE032-B237-479B-938B-63F693265432}.Debug|x86.Build.0 = Debug|Any CPU
		{3E3FE032-B237-479B-938B-63F693265432}.Release|Any CPU.ActiveCfg = Release|Any CPU
		{3E3FE032-B237-479B-938B-63F693265432}.Release|Any CPU.Build.0 = Release|Any CPU
		{3E3FE032-B237-479B-938B-63F693265432}.Release|Mixed Platforms.ActiveCfg = Release|Any CPU
		{3E3FE032-B237-479B-938B-63F693265432}.Release|Mixed Platforms.Build.0 = Release|Any CPU
		{3E3FE032-B237-479B-938B-63F693265432}.Release|x64.ActiveCfg = Release|x64
		{3E3FE032-B237-479B-938B-63F693265432}.Release|x64.Build.0 = Release|x64
		{3E3FE032-B237-479B-938B-63F693265432}.Release|x86.ActiveCfg = Release|x86
		{3E3FE032-B237-479B-938B-63F693265432}.Release|x86.Build.0 = Release|x86
		{D0C39D9D-BED0-418B-9A5E-713176CAF40C}.Debug|Any CPU.ActiveCfg = Debug|Any CPU
		{D0C39D9D-BED0-418B-9A5E-713176CAF40C}.Debug|Any CPU.Build.0 = Debug|Any CPU
		{D0C39D9D-BED0-418B-9A5E-713176CAF40C}.Debug|Mixed Platforms.ActiveCfg = Debug|Any CPU
		{D0C39D9D-BED0-418B-9A5E-713176CAF40C}.Debug|Mixed Platforms.Build.0 = Debug|Any CPU
		{D0C39D9D-BED0-418B-9A5E-713176CAF40C}.Debug|x64.ActiveCfg = Debug|Any CPU
		{D0C39D9D-BED0-418B-9A5E-713176CAF40C}.Debug|x86.ActiveCfg = Debug|Any CPU
		{D0C39D9D-BED0-418B-9A5E-713176CAF40C}.Debug|x86.Build.0 = Debug|Any CPU
		{D0C39D9D-BED0-418B-9A5E-713176CAF40C}.Release|Any CPU.ActiveCfg = Release|Any CPU
		{D0C39D9D-BED0-418B-9A5E-713176CAF40C}.Release|Any CPU.Build.0 = Release|Any CPU
		{D0C39D9D-BED0-418B-9A5E-713176CAF40C}.Release|Mixed Platforms.ActiveCfg = Release|Any CPU
		{D0C39D9D-BED0-418B-9A5E-713176CAF40C}.Release|Mixed Platforms.Build.0 = Release|Any CPU
		{D0C39D9D-BED0-418B-9A5E-713176CAF40C}.Release|x64.ActiveCfg = Release|Any CPU
		{D0C39D9D-BED0-418B-9A5E-713176CAF40C}.Release|x86.ActiveCfg = Release|Any CPU
		{D0C39D9D-BED0-418B-9A5E-713176CAF40C}.Release|x86.Build.0 = Release|Any CPU
		{FB829B58-C681-440D-8DB3-2A980A84C31C}.Debug|Any CPU.ActiveCfg = Debug|Any CPU
		{FB829B58-C681-440D-8DB3-2A980A84C31C}.Debug|Any CPU.Build.0 = Debug|Any CPU
		{FB829B58-C681-440D-8DB3-2A980A84C31C}.Debug|Mixed Platforms.ActiveCfg = Debug|Any CPU
		{FB829B58-C681-440D-8DB3-2A980A84C31C}.Debug|Mixed Platforms.Build.0 = Debug|Any CPU
		{FB829B58-C681-440D-8DB3-2A980A84C31C}.Debug|x64.ActiveCfg = Debug|Any CPU
		{FB829B58-C681-440D-8DB3-2A980A84C31C}.Debug|x86.ActiveCfg = Debug|Any CPU
		{FB829B58-C681-440D-8DB3-2A980A84C31C}.Release|Any CPU.ActiveCfg = Release|Any CPU
		{FB829B58-C681-440D-8DB3-2A980A84C31C}.Release|Any CPU.Build.0 = Release|Any CPU
		{FB829B58-C681-440D-8DB3-2A980A84C31C}.Release|Mixed Platforms.ActiveCfg = Release|Any CPU
		{FB829B58-C681-440D-8DB3-2A980A84C31C}.Release|Mixed Platforms.Build.0 = Release|Any CPU
		{FB829B58-C681-440D-8DB3-2A980A84C31C}.Release|x64.ActiveCfg = Release|Any CPU
		{FB829B58-C681-440D-8DB3-2A980A84C31C}.Release|x86.ActiveCfg = Release|Any CPU
		{FB829B58-C681-440D-8DB3-2A980A84C31C}.Release|x86.Build.0 = Release|Any CPU
		{8A164903-3553-4C3F-A783-462AA74A6F64}.Debug|Any CPU.ActiveCfg = Debug|Any CPU
		{8A164903-3553-4C3F-A783-462AA74A6F64}.Debug|Any CPU.Build.0 = Debug|Any CPU
		{8A164903-3553-4C3F-A783-462AA74A6F64}.Debug|Mixed Platforms.ActiveCfg = Debug|Any CPU
		{8A164903-3553-4C3F-A783-462AA74A6F64}.Debug|Mixed Platforms.Build.0 = Debug|Any CPU
		{8A164903-3553-4C3F-A783-462AA74A6F64}.Debug|x64.ActiveCfg = Debug|Any CPU
		{8A164903-3553-4C3F-A783-462AA74A6F64}.Debug|x64.Build.0 = Debug|Any CPU
		{8A164903-3553-4C3F-A783-462AA74A6F64}.Debug|x86.ActiveCfg = Debug|Any CPU
		{8A164903-3553-4C3F-A783-462AA74A6F64}.Debug|x86.Build.0 = Debug|Any CPU
		{8A164903-3553-4C3F-A783-462AA74A6F64}.Release|Any CPU.ActiveCfg = Release|Any CPU
		{8A164903-3553-4C3F-A783-462AA74A6F64}.Release|Any CPU.Build.0 = Release|Any CPU
		{8A164903-3553-4C3F-A783-462AA74A6F64}.Release|Mixed Platforms.ActiveCfg = Release|Any CPU
		{8A164903-3553-4C3F-A783-462AA74A6F64}.Release|Mixed Platforms.Build.0 = Release|Any CPU
		{8A164903-3553-4C3F-A783-462AA74A6F64}.Release|x64.ActiveCfg = Release|Any CPU
		{8A164903-3553-4C3F-A783-462AA74A6F64}.Release|x64.Build.0 = Release|Any CPU
		{8A164903-3553-4C3F-A783-462AA74A6F64}.Release|x86.ActiveCfg = Release|Any CPU
		{8A164903-3553-4C3F-A783-462AA74A6F64}.Release|x86.Build.0 = Release|Any CPU
		{B4FE3066-F14F-4625-85BB-57EA97751A6E}.Debug|Any CPU.ActiveCfg = Debug|Any CPU
		{B4FE3066-F14F-4625-85BB-57EA97751A6E}.Debug|Any CPU.Build.0 = Debug|Any CPU
		{B4FE3066-F14F-4625-85BB-57EA97751A6E}.Debug|Mixed Platforms.ActiveCfg = Debug|Any CPU
		{B4FE3066-F14F-4625-85BB-57EA97751A6E}.Debug|Mixed Platforms.Build.0 = Debug|Any CPU
		{B4FE3066-F14F-4625-85BB-57EA97751A6E}.Debug|x64.ActiveCfg = Debug|Any CPU
		{B4FE3066-F14F-4625-85BB-57EA97751A6E}.Debug|x64.Build.0 = Debug|Any CPU
		{B4FE3066-F14F-4625-85BB-57EA97751A6E}.Debug|x86.ActiveCfg = Debug|Any CPU
		{B4FE3066-F14F-4625-85BB-57EA97751A6E}.Debug|x86.Build.0 = Debug|Any CPU
		{B4FE3066-F14F-4625-85BB-57EA97751A6E}.Release|Any CPU.ActiveCfg = Release|Any CPU
		{B4FE3066-F14F-4625-85BB-57EA97751A6E}.Release|Any CPU.Build.0 = Release|Any CPU
		{B4FE3066-F14F-4625-85BB-57EA97751A6E}.Release|Mixed Platforms.ActiveCfg = Release|Any CPU
		{B4FE3066-F14F-4625-85BB-57EA97751A6E}.Release|Mixed Platforms.Build.0 = Release|Any CPU
		{B4FE3066-F14F-4625-85BB-57EA97751A6E}.Release|x64.ActiveCfg = Release|Any CPU
		{B4FE3066-F14F-4625-85BB-57EA97751A6E}.Release|x64.Build.0 = Release|Any CPU
		{B4FE3066-F14F-4625-85BB-57EA97751A6E}.Release|x86.ActiveCfg = Release|Any CPU
		{B4FE3066-F14F-4625-85BB-57EA97751A6E}.Release|x86.Build.0 = Release|Any CPU
		{C40D383A-BA10-4CAF-BF08-176C08B1DFC5}.Debug|Any CPU.ActiveCfg = Debug|Any CPU
		{C40D383A-BA10-4CAF-BF08-176C08B1DFC5}.Debug|Any CPU.Build.0 = Debug|Any CPU
		{C40D383A-BA10-4CAF-BF08-176C08B1DFC5}.Debug|Mixed Platforms.ActiveCfg = Debug|Any CPU
		{C40D383A-BA10-4CAF-BF08-176C08B1DFC5}.Debug|Mixed Platforms.Build.0 = Debug|Any CPU
		{C40D383A-BA10-4CAF-BF08-176C08B1DFC5}.Debug|x64.ActiveCfg = Debug|Any CPU
		{C40D383A-BA10-4CAF-BF08-176C08B1DFC5}.Debug|x64.Build.0 = Debug|Any CPU
		{C40D383A-BA10-4CAF-BF08-176C08B1DFC5}.Debug|x86.ActiveCfg = Debug|Any CPU
		{C40D383A-BA10-4CAF-BF08-176C08B1DFC5}.Debug|x86.Build.0 = Debug|Any CPU
		{C40D383A-BA10-4CAF-BF08-176C08B1DFC5}.Release|Any CPU.ActiveCfg = Release|Any CPU
		{C40D383A-BA10-4CAF-BF08-176C08B1DFC5}.Release|Any CPU.Build.0 = Release|Any CPU
		{C40D383A-BA10-4CAF-BF08-176C08B1DFC5}.Release|Mixed Platforms.ActiveCfg = Release|Any CPU
		{C40D383A-BA10-4CAF-BF08-176C08B1DFC5}.Release|Mixed Platforms.Build.0 = Release|Any CPU
		{C40D383A-BA10-4CAF-BF08-176C08B1DFC5}.Release|x64.ActiveCfg = Release|Any CPU
		{C40D383A-BA10-4CAF-BF08-176C08B1DFC5}.Release|x64.Build.0 = Release|Any CPU
		{C40D383A-BA10-4CAF-BF08-176C08B1DFC5}.Release|x86.ActiveCfg = Release|Any CPU
		{C40D383A-BA10-4CAF-BF08-176C08B1DFC5}.Release|x86.Build.0 = Release|Any CPU
		{61864368-6F5C-4D2F-AD5C-69FB44555A87}.Debug|Any CPU.ActiveCfg = Debug|Any CPU
		{61864368-6F5C-4D2F-AD5C-69FB44555A87}.Debug|Any CPU.Build.0 = Debug|Any CPU
		{61864368-6F5C-4D2F-AD5C-69FB44555A87}.Debug|Mixed Platforms.ActiveCfg = Debug|Any CPU
		{61864368-6F5C-4D2F-AD5C-69FB44555A87}.Debug|Mixed Platforms.Build.0 = Debug|Any CPU
		{61864368-6F5C-4D2F-AD5C-69FB44555A87}.Debug|x64.ActiveCfg = Debug|Any CPU
		{61864368-6F5C-4D2F-AD5C-69FB44555A87}.Debug|x64.Build.0 = Debug|Any CPU
		{61864368-6F5C-4D2F-AD5C-69FB44555A87}.Debug|x86.ActiveCfg = Debug|Any CPU
		{61864368-6F5C-4D2F-AD5C-69FB44555A87}.Debug|x86.Build.0 = Debug|Any CPU
		{61864368-6F5C-4D2F-AD5C-69FB44555A87}.Release|Any CPU.ActiveCfg = Release|Any CPU
		{61864368-6F5C-4D2F-AD5C-69FB44555A87}.Release|Any CPU.Build.0 = Release|Any CPU
		{61864368-6F5C-4D2F-AD5C-69FB44555A87}.Release|Mixed Platforms.ActiveCfg = Release|Any CPU
		{61864368-6F5C-4D2F-AD5C-69FB44555A87}.Release|Mixed Platforms.Build.0 = Release|Any CPU
		{61864368-6F5C-4D2F-AD5C-69FB44555A87}.Release|x64.ActiveCfg = Release|Any CPU
		{61864368-6F5C-4D2F-AD5C-69FB44555A87}.Release|x64.Build.0 = Release|Any CPU
		{61864368-6F5C-4D2F-AD5C-69FB44555A87}.Release|x86.ActiveCfg = Release|Any CPU
		{61864368-6F5C-4D2F-AD5C-69FB44555A87}.Release|x86.Build.0 = Release|Any CPU
		{BB5F9D9A-9580-4E8A-8525-FFAE5FDD7352}.Debug|Any CPU.ActiveCfg = Debug|Any CPU
		{BB5F9D9A-9580-4E8A-8525-FFAE5FDD7352}.Debug|Any CPU.Build.0 = Debug|Any CPU
		{BB5F9D9A-9580-4E8A-8525-FFAE5FDD7352}.Debug|Mixed Platforms.ActiveCfg = Debug|Any CPU
		{BB5F9D9A-9580-4E8A-8525-FFAE5FDD7352}.Debug|Mixed Platforms.Build.0 = Debug|Any CPU
		{BB5F9D9A-9580-4E8A-8525-FFAE5FDD7352}.Debug|x64.ActiveCfg = Debug|Any CPU
		{BB5F9D9A-9580-4E8A-8525-FFAE5FDD7352}.Debug|x64.Build.0 = Debug|Any CPU
		{BB5F9D9A-9580-4E8A-8525-FFAE5FDD7352}.Debug|x86.ActiveCfg = Debug|Any CPU
		{BB5F9D9A-9580-4E8A-8525-FFAE5FDD7352}.Debug|x86.Build.0 = Debug|Any CPU
		{BB5F9D9A-9580-4E8A-8525-FFAE5FDD7352}.Release|Any CPU.ActiveCfg = Release|Any CPU
		{BB5F9D9A-9580-4E8A-8525-FFAE5FDD7352}.Release|Any CPU.Build.0 = Release|Any CPU
		{BB5F9D9A-9580-4E8A-8525-FFAE5FDD7352}.Release|Mixed Platforms.ActiveCfg = Release|Any CPU
		{BB5F9D9A-9580-4E8A-8525-FFAE5FDD7352}.Release|Mixed Platforms.Build.0 = Release|Any CPU
		{BB5F9D9A-9580-4E8A-8525-FFAE5FDD7352}.Release|x64.ActiveCfg = Release|Any CPU
		{BB5F9D9A-9580-4E8A-8525-FFAE5FDD7352}.Release|x64.Build.0 = Release|Any CPU
		{BB5F9D9A-9580-4E8A-8525-FFAE5FDD7352}.Release|x86.ActiveCfg = Release|Any CPU
		{BB5F9D9A-9580-4E8A-8525-FFAE5FDD7352}.Release|x86.Build.0 = Release|Any CPU
		{96B74E91-3B4F-4321-9B7C-6624D1BE7D45}.Debug|Any CPU.ActiveCfg = Debug|Any CPU
		{96B74E91-3B4F-4321-9B7C-6624D1BE7D45}.Debug|Any CPU.Build.0 = Debug|Any CPU
		{96B74E91-3B4F-4321-9B7C-6624D1BE7D45}.Debug|Mixed Platforms.ActiveCfg = Debug|Any CPU
		{96B74E91-3B4F-4321-9B7C-6624D1BE7D45}.Debug|Mixed Platforms.Build.0 = Debug|Any CPU
		{96B74E91-3B4F-4321-9B7C-6624D1BE7D45}.Debug|x64.ActiveCfg = Debug|Any CPU
		{96B74E91-3B4F-4321-9B7C-6624D1BE7D45}.Debug|x64.Build.0 = Debug|Any CPU
		{96B74E91-3B4F-4321-9B7C-6624D1BE7D45}.Debug|x86.ActiveCfg = Debug|Any CPU
		{96B74E91-3B4F-4321-9B7C-6624D1BE7D45}.Debug|x86.Build.0 = Debug|Any CPU
		{96B74E91-3B4F-4321-9B7C-6624D1BE7D45}.Release|Any CPU.ActiveCfg = Release|Any CPU
		{96B74E91-3B4F-4321-9B7C-6624D1BE7D45}.Release|Any CPU.Build.0 = Release|Any CPU
		{96B74E91-3B4F-4321-9B7C-6624D1BE7D45}.Release|Mixed Platforms.ActiveCfg = Release|Any CPU
		{96B74E91-3B4F-4321-9B7C-6624D1BE7D45}.Release|Mixed Platforms.Build.0 = Release|Any CPU
		{96B74E91-3B4F-4321-9B7C-6624D1BE7D45}.Release|x64.ActiveCfg = Release|Any CPU
		{96B74E91-3B4F-4321-9B7C-6624D1BE7D45}.Release|x64.Build.0 = Release|Any CPU
		{96B74E91-3B4F-4321-9B7C-6624D1BE7D45}.Release|x86.ActiveCfg = Release|Any CPU
		{96B74E91-3B4F-4321-9B7C-6624D1BE7D45}.Release|x86.Build.0 = Release|Any CPU
		{E0619808-77AE-4E3B-919B-6A3D2130B77D}.Debug|Any CPU.ActiveCfg = Debug|Any CPU
		{E0619808-77AE-4E3B-919B-6A3D2130B77D}.Debug|Any CPU.Build.0 = Debug|Any CPU
		{E0619808-77AE-4E3B-919B-6A3D2130B77D}.Debug|Mixed Platforms.ActiveCfg = Debug|Any CPU
		{E0619808-77AE-4E3B-919B-6A3D2130B77D}.Debug|Mixed Platforms.Build.0 = Debug|Any CPU
		{E0619808-77AE-4E3B-919B-6A3D2130B77D}.Debug|x64.ActiveCfg = Debug|Any CPU
		{E0619808-77AE-4E3B-919B-6A3D2130B77D}.Debug|x64.Build.0 = Debug|Any CPU
		{E0619808-77AE-4E3B-919B-6A3D2130B77D}.Debug|x86.ActiveCfg = Debug|Any CPU
		{E0619808-77AE-4E3B-919B-6A3D2130B77D}.Debug|x86.Build.0 = Debug|Any CPU
		{E0619808-77AE-4E3B-919B-6A3D2130B77D}.Release|Any CPU.ActiveCfg = Release|Any CPU
		{E0619808-77AE-4E3B-919B-6A3D2130B77D}.Release|Any CPU.Build.0 = Release|Any CPU
		{E0619808-77AE-4E3B-919B-6A3D2130B77D}.Release|Mixed Platforms.ActiveCfg = Release|Any CPU
		{E0619808-77AE-4E3B-919B-6A3D2130B77D}.Release|Mixed Platforms.Build.0 = Release|Any CPU
		{E0619808-77AE-4E3B-919B-6A3D2130B77D}.Release|x64.ActiveCfg = Release|Any CPU
		{E0619808-77AE-4E3B-919B-6A3D2130B77D}.Release|x64.Build.0 = Release|Any CPU
		{E0619808-77AE-4E3B-919B-6A3D2130B77D}.Release|x86.ActiveCfg = Release|Any CPU
		{E0619808-77AE-4E3B-919B-6A3D2130B77D}.Release|x86.Build.0 = Release|Any CPU
		{C7349DC9-69A2-4738-B4F3-86D75379AC73}.Debug|Any CPU.ActiveCfg = Debug|Any CPU
		{C7349DC9-69A2-4738-B4F3-86D75379AC73}.Debug|Any CPU.Build.0 = Debug|Any CPU
		{C7349DC9-69A2-4738-B4F3-86D75379AC73}.Debug|Mixed Platforms.ActiveCfg = Debug|Any CPU
		{C7349DC9-69A2-4738-B4F3-86D75379AC73}.Debug|Mixed Platforms.Build.0 = Debug|Any CPU
		{C7349DC9-69A2-4738-B4F3-86D75379AC73}.Debug|x64.ActiveCfg = Debug|Any CPU
		{C7349DC9-69A2-4738-B4F3-86D75379AC73}.Debug|x64.Build.0 = Debug|Any CPU
		{C7349DC9-69A2-4738-B4F3-86D75379AC73}.Debug|x86.ActiveCfg = Debug|Any CPU
		{C7349DC9-69A2-4738-B4F3-86D75379AC73}.Debug|x86.Build.0 = Debug|Any CPU
		{C7349DC9-69A2-4738-B4F3-86D75379AC73}.Release|Any CPU.ActiveCfg = Release|Any CPU
		{C7349DC9-69A2-4738-B4F3-86D75379AC73}.Release|Any CPU.Build.0 = Release|Any CPU
		{C7349DC9-69A2-4738-B4F3-86D75379AC73}.Release|Mixed Platforms.ActiveCfg = Release|Any CPU
		{C7349DC9-69A2-4738-B4F3-86D75379AC73}.Release|Mixed Platforms.Build.0 = Release|Any CPU
		{C7349DC9-69A2-4738-B4F3-86D75379AC73}.Release|x64.ActiveCfg = Release|Any CPU
		{C7349DC9-69A2-4738-B4F3-86D75379AC73}.Release|x64.Build.0 = Release|Any CPU
		{C7349DC9-69A2-4738-B4F3-86D75379AC73}.Release|x86.ActiveCfg = Release|Any CPU
		{C7349DC9-69A2-4738-B4F3-86D75379AC73}.Release|x86.Build.0 = Release|Any CPU
	EndGlobalSection
	GlobalSection(SolutionProperties) = preSolution
		HideSolutionNode = FALSE
	EndGlobalSection
	GlobalSection(ExtensibilityGlobals) = postSolution
		SolutionGuid = {595EE95E-9C3C-4BF5-A7F2-738626770878}
	EndGlobalSection
EndGlobal
